PODS:
  - Kingfisher (5.15.8):
    - Kingfisher/Core (= 5.15.8)
  - Kingfisher/Core (5.15.8)
  - MBProgressHUD (1.2.0)
  - YoutubePlayer-in-WKWebView (0.2.5)

DEPENDENCIES:
  - Kingfisher (~> 5.10)
  - MBProgressHUD (~> 1.2)
  - YoutubePlayer-in-WKWebView (~> 0.2.0)

SPEC REPOS:
  trunk:
    - Kingfisher
    - MBProgressHUD
    - YoutubePlayer-in-WKWebView

SPEC CHECKSUMS:
  Kingfisher: a3c03d702433fa6cfedabb2bddbe076fb8f2e902
  MBProgressHUD: 3ee5efcc380f6a79a7cc9b363dd669c5e1ae7406
  YoutubePlayer-in-WKWebView: 4dad12b3ece938a6456fa4374df78942f88b485a

PODFILE CHECKSUM: a7de14950efd2ffc9471b945edc18b40bffc6884

COCOAPODS: 1.10.1
